
Microsoft Visual Studio Solution File, Format Version 12.00
# Visual Studio Version 16
VisualStudioVersion = 16.0.29424.173
MinimumVisualStudioVersion = 10.0.40219.1
Project("{FAE04EC0-301F-11D3-BF4B-00C04F79EFBC}") = "MusicPlayerApp", "MusicPlayerApp.csproj", "{92D692BE-0077-4A09-9BEB-1F9770C0720A}"
EndProject
Global
	GlobalSection(SolutionConfigurationPlatforms) = preSolution
		Debug|Any CPU = Debug|Any CPU
		Release|Any CPU = Release|Any CPU
	EndGlobalSection
	GlobalSection(ProjectConfigurationPlatforms) = postSolution
		{92D692BE-0077-4A09-9BEB-1F9770C0720A}.Debug|Any CPU.ActiveCfg = Debug|Any CPU
		{92D692BE-0077-4A09-9BEB-1F9770C0720A}.Debug|Any CPU.Build.0 = Debug|Any CPU
		{92D692BE-0077-4A09-9BEB-1F9770C0720A}.Release|Any CPU.ActiveCfg = Release|Any CPU
		{92D692BE-0077-4A09-9BEB-1F9770C0720A}.Release|Any CPU.Build.0 = Release|Any CPU
	EndGlobalSection
	GlobalSection(SolutionProperties) = preSolution
		HideSolutionNode = FALSE
	EndGlobalSection
	GlobalSection(ExtensibilityGlobals) = postSolution
		SolutionGuid = {22DACB81-EF66-4C78-A15F-2958A7BDEF2E}
	EndGlobalSection
EndGlobal
